{
  "name": "mesano",
  "version": "1.0.0",
  "lockfileVersion": 3,
  "requires": true,
  "packages": {
    "": {
      "name": "mesano",
      "version": "1.0.0",
      "license": "ISC",
      "dependencies": {
        "mlkem": "^2.5.0"
      }
    },
    "node_modules/mlkem": {
      "version": "2.5.0",
      "resolved": "https://registry.npmjs.org/mlkem/-/mlkem-2.5.0.tgz",
      "integrity": "sha512-TnSvGBs0EVPukQcdPF0882ZoYXYuD2rb+VgO0kUDbFi/XM1rJOwnQoFW3wGGuc3nG3AT/zp3oWJ86W7ewwKYyA==",
      "license": "MIT",
      "engines": {
        "node": ">=16.0.0"
      }
    }
  }
}
